<?xml version="1.0" encoding="utf-8"?>
<Project ToolsVersion="4.0" xmlns="http://schemas.microsoft.com/developer/msbuild/2003">
  <ItemGroup>
    <Filter Include="Pliki źródłowe">
      <UniqueIdentifier>{4FC737F1-C7A5-4376-A066-2A32D752A2FF}</UniqueIdentifier>
      <Extensions>cpp;c;cc;cxx;def;odl;idl;hpj;bat;asm;asmx</Extensions>
    </Filter>
    <Filter Include="Pliki nagłówkowe">
      <UniqueIdentifier>{93995380-89BD-4b04-88EB-625FBE52EBFB}</UniqueIdentifier>
      <Extensions>h;hh;hpp;hxx;hm;inl;inc;ipp;xsd</Extensions>
    </Filter>
    <Filter Include="Pliki zasobów">
      <UniqueIdentifier>{67DA6AB6-F800-4c08-8B7A-83BB121AAD01}</UniqueIdentifier>
      <Extensions>rc;ico;cur;bmp;dlg;rc2;rct;bin;rgs;gif;jpg;jpeg;jpe;resx;tiff;tif;png;wav;mfcribbon-ms</Extensions>
    </Filter>
    <Filter Include="Pliki nagłówkowe\ScreenDisplay">
      <UniqueIdentifier>{345313d2-e7c0-4e1d-8dc5-4394d733aa37}</UniqueIdentifier>
    </Filter>
  </ItemGroup>
  <ItemGroup>
    <ClCompile Include="ScreenDisplay.cpp">
      <Filter>Pliki źródłowe</Filter>
    </ClCompile>
    <ClCompile Include="ScreenDisplay_DisplayThroughBuffor.cpp">
      <Filter>Pliki nagłówkowe\ScreenDisplay</Filter>
    </ClCompile>
    <ClCompile Include="ScreenDisplay_getScreenHeight.cpp">
      <Filter>Pliki nagłówkowe\ScreenDisplay</Filter>
    </ClCompile>
    <ClCompile Include="ScreenDisplay_getScreenWidth.cpp">
      <Filter>Pliki nagłówkowe\ScreenDisplay</Filter>
    </ClCompile>
    <ClCompile Include="ScreenDisplay_setScreenSize.cpp">
      <Filter>Pliki nagłówkowe\ScreenDisplay</Filter>
    </ClCompile>
    <ClCompile Include="ScreenDisplay_setScreenFont.cpp">
      <Filter>Pliki nagłówkowe\ScreenDisplay</Filter>
    </ClCompile>
    <ClCompile Include="ScreenDisplay_setScreenTitle.cpp">
      <Filter>Pliki nagłówkowe\ScreenDisplay</Filter>
    </ClCompile>
    <ClCompile Include="ScreenDisplay_ClearConsole.cpp">
      <Filter>Pliki nagłówkowe\ScreenDisplay</Filter>
    </ClCompile>
    <ClCompile Include="ScreenDisplay_PreviewDisplay.cpp">
      <Filter>Pliki nagłówkowe\ScreenDisplay</Filter>
    </ClCompile>
  </ItemGroup>
  <ItemGroup>
    <ClInclude Include="ScreenDisplay.h">
      <Filter>Pliki nagłówkowe\ScreenDisplay</Filter>
    </ClInclude>
  </ItemGroup>
</Project>