
Microsoft Visual Studio Solution File, Format Version 12.00
# Visual Studio Version 16
VisualStudioVersion = 16.0.29509.3
MinimumVisualStudioVersion = 10.0.40219.1
Project("{8BC9CEB8-8B4A-11D0-8D11-00A0C91BC942}") = "IOAdventure", "IOAdventure\IOAdventure.vcxproj", "{9268CC48-6F6B-431D-9B5B-D88D255034C2}"
EndProject
Project("{8BC9CEB8-8B4A-11D0-8D11-00A0C91BC942}") = "MapGenerator", "MapGenerator\MapGenerator.vcxproj", "{B45B3331-A41C-4D23-B430-34BF0B85A60B}"
EndProject
Global
	GlobalSection(SolutionConfigurationPlatforms) = preSolution
		Debug|x64 = Debug|x64
		Debug|x86 = Debug|x86
		Release|x64 = Release|x64
		Release|x86 = Release|x86
	EndGlobalSection
	GlobalSection(ProjectConfigurationPlatforms) = postSolution
		{9268CC48-6F6B-431D-9B5B-D88D255034C2}.Debug|x64.ActiveCfg = Debug|x64
		{9268CC48-6F6B-431D-9B5B-D88D255034C2}.Debug|x64.Build.0 = Debug|x64
		{9268CC48-6F6B-431D-9B5B-D88D255034C2}.Debug|x86.ActiveCfg = Debug|Win32
		{9268CC48-6F6B-431D-9B5B-D88D255034C2}.Debug|x86.Build.0 = Debug|Win32
		{9268CC48-6F6B-431D-9B5B-D88D255034C2}.Release|x64.ActiveCfg = Release|x64
		{9268CC48-6F6B-431D-9B5B-D88D255034C2}.Release|x64.Build.0 = Release|x64
		{9268CC48-6F6B-431D-9B5B-D88D255034C2}.Release|x86.ActiveCfg = Release|Win32
		{9268CC48-6F6B-431D-9B5B-D88D255034C2}.Release|x86.Build.0 = Release|Win32
		{B45B3331-A41C-4D23-B430-34BF0B85A60B}.Debug|x64.ActiveCfg = Debug|x64
		{B45B3331-A41C-4D23-B430-34BF0B85A60B}.Debug|x64.Build.0 = Debug|x64
		{B45B3331-A41C-4D23-B430-34BF0B85A60B}.Debug|x86.ActiveCfg = Debug|Win32
		{B45B3331-A41C-4D23-B430-34BF0B85A60B}.Debug|x86.Build.0 = Debug|Win32
		{B45B3331-A41C-4D23-B430-34BF0B85A60B}.Release|x64.ActiveCfg = Release|x64
		{B45B3331-A41C-4D23-B430-34BF0B85A60B}.Release|x64.Build.0 = Release|x64
		{B45B3331-A41C-4D23-B430-34BF0B85A60B}.Release|x86.ActiveCfg = Release|Win32
		{B45B3331-A41C-4D23-B430-34BF0B85A60B}.Release|x86.Build.0 = Release|Win32
	EndGlobalSection
	GlobalSection(SolutionProperties) = preSolution
		HideSolutionNode = FALSE
	EndGlobalSection
	GlobalSection(ExtensibilityGlobals) = postSolution
		SolutionGuid = {FDCBC17F-E191-4238-910B-F16A79BC2056}
	EndGlobalSection
EndGlobal
